# This file is autogenerated, do not edit; changes may be undone by the next 'dep ensure'.


[[projects]]
  name = "github.com/bitly/go-simplejson"
  packages = ["."]
  revision = "aabad6e819789e569bd6aabf444c935aa9ba1e44"
  version = "v0.5.0"

[[projects]]
  name = "github.com/garyburd/redigo"
  packages = [
    "internal",
    "redis"
  ]
  revision = "a69d19351219b6dd56f274f96d85a7014a2ec34e"
  version = "v1.6.0"

[[projects]]
  branch = "master"
  name = "github.com/jrallison/go-workers"
  packages = ["."]
  revision = "dbf81d0b75bbe2fd90ef66a07643dd70cb42a88a"

[[projects]]
  name = "github.com/openfaas-incubator/kafka-connector"
  packages = ["types"]
  revision = "e58ee14072cec74649447b394ea19fd89265390c"
  version = "0.2.1"

[[projects]]
  name = "github.com/openfaas/faas"
  packages = ["gateway/requests"]
  revision = "75f05ca38efe280e4ec6b36c581e5f0b9e31dcc3"
  version = "0.8.9"

[solve-meta]
  analyzer-name = "dep"
  analyzer-version = 1
  inputs-digest = "d9e9f5e2f9c9197b4226a8b375c8d11b5f9ba1b4caec452aaf5059a0fae5fb7e"
  solver-name = "gps-cdcl"
  solver-version = 1
